// !$*UTF8*$!
{
	archiveVersion = 1;
	classes = {
	};
	objectVersion = 56;
	objects = {

/* Begin PBXBuildFile section */
		D285AA6B2D829DC30016CBB1 /* capstone21App.swift in Sources */ = {isa = PBXBuildFile; fileRef = D285AA6A2D829DC30016CBB1 /* capstone21App.swift */; };
		D285AA6D2D829DC30016CBB1 /* ContentView.swift in Sources */ = {isa = PBXBuildFile; fileRef = D285AA6C2D829DC30016CBB1 /* ContentView.swift */; };
		D285AA6F2D829DC50016CBB1 /* Assets.xcassets in Resources */ = {isa = PBXBuildFile; fileRef = D285AA6E2D829DC50016CBB1 /* Assets.xcassets */; };
		D285AA722D829DC50016CBB1 /* Preview Assets.xcassets in Resources */ = {isa = PBXBuildFile; fileRef = D285AA712D829DC50016CBB1 /* Preview Assets.xcassets */; };
		D285AAB62D829ED00016CBB1 /* AuthRouter.swift in Sources */ = {isa = PBXBuildFile; fileRef = D285AA7F2D829ED00016CBB1 /* AuthRouter.swift */; };
		D285AAB72D829ED00016CBB1 /* BannerRouter.swift in Sources */ = {isa = PBXBuildFile; fileRef = D285AA802D829ED00016CBB1 /* BannerRouter.swift */; };
		D285AAB82D829ED00016CBB1 /* ChallengeRouter.swift in Sources */ = {isa = PBXBuildFile; fileRef = D285AA812D829ED00016CBB1 /* ChallengeRouter.swift */; };
		D285AAB92D829ED00016CBB1 /* MyPageRouter.swift in Sources */ = {isa = PBXBuildFile; fileRef = D285AA822D829ED00016CBB1 /* MyPageRouter.swift */; };
		D285AABA2D829ED00016CBB1 /* PointRouter.swift in Sources */ = {isa = PBXBuildFile; fileRef = D285AA832D829ED00016CBB1 /* PointRouter.swift */; };
		D285AABC2D829ED00016CBB1 /* APIConstants.swift in Sources */ = {isa = PBXBuildFile; fileRef = D285AA862D829ED00016CBB1 /* APIConstants.swift */; };
		D285AABD2D829ED00016CBB1 /* Config.swift in Sources */ = {isa = PBXBuildFile; fileRef = D285AA872D829ED00016CBB1 /* Config.swift */; };
		D285AABE2D829ED00016CBB1 /* MoyaLoggerPlugin.swift in Sources */ = {isa = PBXBuildFile; fileRef = D285AA882D829ED00016CBB1 /* MoyaLoggerPlugin.swift */; };
		D285AABF2D829ED00016CBB1 /* NetworkHelper.swift in Sources */ = {isa = PBXBuildFile; fileRef = D285AA892D829ED00016CBB1 /* NetworkHelper.swift */; };
		D285AAC02D829ED00016CBB1 /* NetworkResult.swift in Sources */ = {isa = PBXBuildFile; fileRef = D285AA8A2D829ED00016CBB1 /* NetworkResult.swift */; };
		D285AAC12D829ED00016CBB1 /* ResponseData.swift in Sources */ = {isa = PBXBuildFile; fileRef = D285AA8B2D829ED00016CBB1 /* ResponseData.swift */; };
		D285AADC2D829ED00016CBB1 /* Providers.swift in Sources */ = {isa = PBXBuildFile; fileRef = D285AAAD2D829ED00016CBB1 /* Providers.swift */; };
		D285AADE2D829ED00016CBB1 /* AuthInterceptor.swift in Sources */ = {isa = PBXBuildFile; fileRef = D285AAB02D829ED00016CBB1 /* AuthInterceptor.swift */; };
		D285AADF2D829ED00016CBB1 /* BaseModel.swift in Sources */ = {isa = PBXBuildFile; fileRef = D285AAB12D829ED00016CBB1 /* BaseModel.swift */; };
		D285AAE02D829ED00016CBB1 /* BaseTargetType.swift in Sources */ = {isa = PBXBuildFile; fileRef = D285AAB22D829ED00016CBB1 /* BaseTargetType.swift */; };
		D285AAE12D829ED00016CBB1 /* NetworkProvider.swift in Sources */ = {isa = PBXBuildFile; fileRef = D285AAB32D829ED00016CBB1 /* NetworkProvider.swift */; };
		D285AAE42D829FFA0016CBB1 /* CombineMoya in Frameworks */ = {isa = PBXBuildFile; productRef = D285AAE32D829FFA0016CBB1 /* CombineMoya */; };
		D285AAE62D829FFA0016CBB1 /* Moya in Frameworks */ = {isa = PBXBuildFile; productRef = D285AAE52D829FFA0016CBB1 /* Moya */; };
/* End PBXBuildFile section */

/* Begin PBXFileReference section */
		D285AA672D829DC30016CBB1 /* capstone21.app */ = {isa = PBXFileReference; explicitFileType = wrapper.application; includeInIndex = 0; path = capstone21.app; sourceTree = BUILT_PRODUCTS_DIR; };
		D285AA6A2D829DC30016CBB1 /* capstone21App.swift */ = {isa = PBXFileReference; lastKnownFileType = sourcecode.swift; path = capstone21App.swift; sourceTree = "<group>"; };
		D285AA6C2D829DC30016CBB1 /* ContentView.swift */ = {isa = PBXFileReference; lastKnownFileType = sourcecode.swift; path = ContentView.swift; sourceTree = "<group>"; };
		D285AA6E2D829DC50016CBB1 /* Assets.xcassets */ = {isa = PBXFileReference; lastKnownFileType = folder.assetcatalog; path = Assets.xcassets; sourceTree = "<group>"; };
		D285AA712D829DC50016CBB1 /* Preview Assets.xcassets */ = {isa = PBXFileReference; lastKnownFileType = folder.assetcatalog; path = "Preview Assets.xcassets"; sourceTree = "<group>"; };
		D285AA732D829DC50016CBB1 /* capstone21.entitlements */ = {isa = PBXFileReference; lastKnownFileType = text.plist.entitlements; path = capstone21.entitlements; sourceTree = "<group>"; };
		D285AA7F2D829ED00016CBB1 /* AuthRouter.swift */ = {isa = PBXFileReference; fileEncoding = 4; lastKnownFileType = sourcecode.swift; path = AuthRouter.swift; sourceTree = "<group>"; };
		D285AA802D829ED00016CBB1 /* BannerRouter.swift */ = {isa = PBXFileReference; fileEncoding = 4; lastKnownFileType = sourcecode.swift; path = BannerRouter.swift; sourceTree = "<group>"; };
		D285AA812D829ED00016CBB1 /* ChallengeRouter.swift */ = {isa = PBXFileReference; fileEncoding = 4; lastKnownFileType = sourcecode.swift; path = ChallengeRouter.swift; sourceTree = "<group>"; };
		D285AA822D829ED00016CBB1 /* MyPageRouter.swift */ = {isa = PBXFileReference; fileEncoding = 4; lastKnownFileType = sourcecode.swift; path = MyPageRouter.swift; sourceTree = "<group>"; };
		D285AA832D829ED00016CBB1 /* PointRouter.swift */ = {isa = PBXFileReference; fileEncoding = 4; lastKnownFileType = sourcecode.swift; path = PointRouter.swift; sourceTree = "<group>"; };
		D285AA862D829ED00016CBB1 /* APIConstants.swift */ = {isa = PBXFileReference; fileEncoding = 4; lastKnownFileType = sourcecode.swift; path = APIConstants.swift; sourceTree = "<group>"; };
		D285AA872D829ED00016CBB1 /* Config.swift */ = {isa = PBXFileReference; fileEncoding = 4; lastKnownFileType = sourcecode.swift; path = Config.swift; sourceTree = "<group>"; };
		D285AA882D829ED00016CBB1 /* MoyaLoggerPlugin.swift */ = {isa = PBXFileReference; fileEncoding = 4; lastKnownFileType = sourcecode.swift; path = MoyaLoggerPlugin.swift; sourceTree = "<group>"; };
		D285AA892D829ED00016CBB1 /* NetworkHelper.swift */ = {isa = PBXFileReference; fileEncoding = 4; lastKnownFileType = sourcecode.swift; path = NetworkHelper.swift; sourceTree = "<group>"; };
		D285AA8A2D829ED00016CBB1 /* NetworkResult.swift */ = {isa = PBXFileReference; fileEncoding = 4; lastKnownFileType = sourcecode.swift; path = NetworkResult.swift; sourceTree = "<group>"; };
		D285AA8B2D829ED00016CBB1 /* ResponseData.swift */ = {isa = PBXFileReference; fileEncoding = 4; lastKnownFileType = sourcecode.swift; path = ResponseData.swift; sourceTree = "<group>"; };
		D285AAAD2D829ED00016CBB1 /* Providers.swift */ = {isa = PBXFileReference; fileEncoding = 4; lastKnownFileType = sourcecode.swift; path = Providers.swift; sourceTree = "<group>"; };
		D285AAB02D829ED00016CBB1 /* AuthInterceptor.swift */ = {isa = PBXFileReference; fileEncoding = 4; lastKnownFileType = sourcecode.swift; path = AuthInterceptor.swift; sourceTree = "<group>"; };
		D285AAB12D829ED00016CBB1 /* BaseModel.swift */ = {isa = PBXFileReference; fileEncoding = 4; lastKnownFileType = sourcecode.swift; path = BaseModel.swift; sourceTree = "<group>"; };
		D285AAB22D829ED00016CBB1 /* BaseTargetType.swift */ = {isa = PBXFileReference; fileEncoding = 4; lastKnownFileType = sourcecode.swift; path = BaseTargetType.swift; sourceTree = "<group>"; };
		D285AAB32D829ED00016CBB1 /* NetworkProvider.swift */ = {isa = PBXFileReference; fileEncoding = 4; lastKnownFileType = sourcecode.swift; path = NetworkProvider.swift; sourceTree = "<group>"; };
/* End PBXFileReference section */

/* Begin PBXFrameworksBuildPhase section */
		D285AA642D829DC30016CBB1 /* Frameworks */ = {
			isa = PBXFrameworksBuildPhase;
			buildActionMask = 2147483647;
			files = (
				D285AAE62D829FFA0016CBB1 /* Moya in Frameworks */,
				D285AAE42D829FFA0016CBB1 /* CombineMoya in Frameworks */,
			);
			runOnlyForDeploymentPostprocessing = 0;
		};
/* End PBXFrameworksBuildPhase section */

/* Begin PBXGroup section */
		D285AA5E2D829DC30016CBB1 = {
			isa = PBXGroup;
			children = (
				D285AA692D829DC30016CBB1 /* capstone21 */,
				D285AA682D829DC30016CBB1 /* Products */,
			);
			sourceTree = "<group>";
		};
		D285AA682D829DC30016CBB1 /* Products */ = {
			isa = PBXGroup;
			children = (
				D285AA672D829DC30016CBB1 /* capstone21.app */,
			);
			name = Products;
			sourceTree = "<group>";
		};
		D285AA692D829DC30016CBB1 /* capstone21 */ = {
			isa = PBXGroup;
			children = (
				D285AA7B2D829E060016CBB1 /* Networks */,
				D285AA7A2D829DFE0016CBB1 /* DSKit */,
				D285AA792D829DF90016CBB1 /* Feat */,
				D285AA6A2D829DC30016CBB1 /* capstone21App.swift */,
				D285AA6C2D829DC30016CBB1 /* ContentView.swift */,
				D285AA6E2D829DC50016CBB1 /* Assets.xcassets */,
				D285AA732D829DC50016CBB1 /* capstone21.entitlements */,
				D285AA702D829DC50016CBB1 /* Preview Content */,
			);
			path = capstone21;
			sourceTree = "<group>";
		};
		D285AA702D829DC50016CBB1 /* Preview Content */ = {
			isa = PBXGroup;
			children = (
				D285AA712D829DC50016CBB1 /* Preview Assets.xcassets */,
			);
			path = "Preview Content";
			sourceTree = "<group>";
		};
		D285AA792D829DF90016CBB1 /* Feat */ = {
			isa = PBXGroup;
			children = (
			);
			path = Feat;
			sourceTree = "<group>";
		};
		D285AA7A2D829DFE0016CBB1 /* DSKit */ = {
			isa = PBXGroup;
			children = (
			);
			path = DSKit;
			sourceTree = "<group>";
		};
		D285AA7B2D829E060016CBB1 /* Networks */ = {
			isa = PBXGroup;
			children = (
				D285AA7D2D829EAB0016CBB1 /* Foundation */,
			);
			path = Networks;
			sourceTree = "<group>";
		};
		D285AA7D2D829EAB0016CBB1 /* Foundation */ = {
			isa = PBXGroup;
			children = (
				D285AAB42D829ED00016CBB1 /* Base */,
				D285AAAB2D829ED00016CBB1 /* DTO */,
				D285AA8C2D829ED00016CBB1 /* Foundation */,
				D285AA842D829ED00016CBB1 /* Router */,
				D285AAAE2D829ED00016CBB1 /* Service */,
			);
			path = Foundation;
			sourceTree = "<group>";
		};
		D285AA842D829ED00016CBB1 /* Router */ = {
			isa = PBXGroup;
			children = (
				D285AA7F2D829ED00016CBB1 /* AuthRouter.swift */,
				D285AA802D829ED00016CBB1 /* BannerRouter.swift */,
				D285AA812D829ED00016CBB1 /* ChallengeRouter.swift */,
				D285AA822D829ED00016CBB1 /* MyPageRouter.swift */,
				D285AA832D829ED00016CBB1 /* PointRouter.swift */,
			);
			name = Router;
			path = ../../../../../../HMH_iOS/HMH_iOS/HMH_iOS/Network/Router;
			sourceTree = "<group>";
		};
		D285AA8C2D829ED00016CBB1 /* Foundation */ = {
			isa = PBXGroup;
			children = (
				D285AA862D829ED00016CBB1 /* APIConstants.swift */,
				D285AA872D829ED00016CBB1 /* Config.swift */,
				D285AA882D829ED00016CBB1 /* MoyaLoggerPlugin.swift */,
				D285AA892D829ED00016CBB1 /* NetworkHelper.swift */,
				D285AA8A2D829ED00016CBB1 /* NetworkResult.swift */,
				D285AA8B2D829ED00016CBB1 /* ResponseData.swift */,
			);
			name = Foundation;
			path = ../../../../../../HMH_iOS/HMH_iOS/HMH_iOS/Network/Foundation;
			sourceTree = "<group>";
		};
		D285AAAB2D829ED00016CBB1 /* DTO */ = {
			isa = PBXGroup;
			children = (
			);
			name = DTO;
			path = ../../../../../../HMH_iOS/HMH_iOS/HMH_iOS/Network/DTO;
			sourceTree = "<group>";
		};
		D285AAAE2D829ED00016CBB1 /* Service */ = {
			isa = PBXGroup;
			children = (
				D285AAAD2D829ED00016CBB1 /* Providers.swift */,
			);
			name = Service;
			path = ../../../../../../HMH_iOS/HMH_iOS/HMH_iOS/Network/Service;
			sourceTree = "<group>";
		};
		D285AAB42D829ED00016CBB1 /* Base */ = {
			isa = PBXGroup;
			children = (
				D285AAB02D829ED00016CBB1 /* AuthInterceptor.swift */,
				D285AAB12D829ED00016CBB1 /* BaseModel.swift */,
				D285AAB22D829ED00016CBB1 /* BaseTargetType.swift */,
				D285AAB32D829ED00016CBB1 /* NetworkProvider.swift */,
			);
			name = Base;
			path = ../../../../../../HMH_iOS/HMH_iOS/HMH_iOS/Network/Base;
			sourceTree = "<group>";
		};
/* End PBXGroup section */

/* Begin PBXNativeTarget section */
		D285AA662D829DC30016CBB1 /* capstone21 */ = {
			isa = PBXNativeTarget;
			buildConfigurationList = D285AA762D829DC50016CBB1 /* Build configuration list for PBXNativeTarget "capstone21" */;
			buildPhases = (
				D285AA632D829DC30016CBB1 /* Sources */,
				D285AA642D829DC30016CBB1 /* Frameworks */,
				D285AA652D829DC30016CBB1 /* Resources */,
			);
			buildRules = (
			);
			dependencies = (
			);
			name = capstone21;
			packageProductDependencies = (
				D285AAE32D829FFA0016CBB1 /* CombineMoya */,
				D285AAE52D829FFA0016CBB1 /* Moya */,
			);
			productName = capstone21;
			productReference = D285AA672D829DC30016CBB1 /* capstone21.app */;
			productType = "com.apple.product-type.application";
		};
/* End PBXNativeTarget section */

/* Begin PBXProject section */
		D285AA5F2D829DC30016CBB1 /* Project object */ = {
			isa = PBXProject;
			attributes = {
				BuildIndependentTargetsInParallel = 1;
				LastSwiftUpdateCheck = 1540;
				LastUpgradeCheck = 1540;
				TargetAttributes = {
					D285AA662D829DC30016CBB1 = {
						CreatedOnToolsVersion = 15.4;
					};
				};
			};
			buildConfigurationList = D285AA622D829DC30016CBB1 /* Build configuration list for PBXProject "capstone21" */;
			compatibilityVersion = "Xcode 14.0";
			developmentRegion = en;
			hasScannedForEncodings = 0;
			knownRegions = (
				en,
				Base,
			);
			mainGroup = D285AA5E2D829DC30016CBB1;
			packageReferences = (
				D285AAE22D829FFA0016CBB1 /* XCRemoteSwiftPackageReference "Moya" */,
			);
			productRefGroup = D285AA682D829DC30016CBB1 /* Products */;
			projectDirPath = "";
			projectRoot = "";
			targets = (
				D285AA662D829DC30016CBB1 /* capstone21 */,
			);
		};
/* End PBXProject section */

/* Begin PBXResourcesBuildPhase section */
		D285AA652D829DC30016CBB1 /* Resources */ = {
			isa = PBXResourcesBuildPhase;
			buildActionMask = 2147483647;
			files = (
				D285AA722D829DC50016CBB1 /* Preview Assets.xcassets in Resources */,
				D285AA6F2D829DC50016CBB1 /* Assets.xcassets in Resources */,
			);
			runOnlyForDeploymentPostprocessing = 0;
		};
/* End PBXResourcesBuildPhase section */

/* Begin PBXSourcesBuildPhase section */
		D285AA632D829DC30016CBB1 /* Sources */ = {
			isa = PBXSourcesBuildPhase;
			buildActionMask = 2147483647;
			files = (
				D285AAB72D829ED00016CBB1 /* BannerRouter.swift in Sources */,
				D285AAB82D829ED00016CBB1 /* ChallengeRouter.swift in Sources */,
				D285AABE2D829ED00016CBB1 /* MoyaLoggerPlugin.swift in Sources */,
				D285AAC02D829ED00016CBB1 /* NetworkResult.swift in Sources */,
				D285AAE02D829ED00016CBB1 /* BaseTargetType.swift in Sources */,
				D285AABD2D829ED00016CBB1 /* Config.swift in Sources */,
				D285AABF2D829ED00016CBB1 /* NetworkHelper.swift in Sources */,
				D285AADF2D829ED00016CBB1 /* BaseModel.swift in Sources */,
				D285AAC12D829ED00016CBB1 /* ResponseData.swift in Sources */,
				D285AA6D2D829DC30016CBB1 /* ContentView.swift in Sources */,
				D285AADE2D829ED00016CBB1 /* AuthInterceptor.swift in Sources */,
				D285AABA2D829ED00016CBB1 /* PointRouter.swift in Sources */,
				D285AABC2D829ED00016CBB1 /* APIConstants.swift in Sources */,
				D285AAB62D829ED00016CBB1 /* AuthRouter.swift in Sources */,
				D285AADC2D829ED00016CBB1 /* Providers.swift in Sources */,
				D285AA6B2D829DC30016CBB1 /* capstone21App.swift in Sources */,
				D285AAE12D829ED00016CBB1 /* NetworkProvider.swift in Sources */,
				D285AAB92D829ED00016CBB1 /* MyPageRouter.swift in Sources */,
			);
			runOnlyForDeploymentPostprocessing = 0;
		};
/* End PBXSourcesBuildPhase section */

/* Begin XCBuildConfiguration section */
		D285AA742D829DC50016CBB1 /* Debug */ = {
			isa = XCBuildConfiguration;
			buildSettings = {
				ALWAYS_SEARCH_USER_PATHS = NO;
				ASSETCATALOG_COMPILER_GENERATE_SWIFT_ASSET_SYMBOL_EXTENSIONS = YES;
				CLANG_ANALYZER_NONNULL = YES;
				CLANG_ANALYZER_NUMBER_OBJECT_CONVERSION = YES_AGGRESSIVE;
				CLANG_CXX_LANGUAGE_STANDARD = "gnu++20";
				CLANG_ENABLE_MODULES = YES;
				CLANG_ENABLE_OBJC_ARC = YES;
				CLANG_ENABLE_OBJC_WEAK = YES;
				CLANG_WARN_BLOCK_CAPTURE_AUTORELEASING = YES;
				CLANG_WARN_BOOL_CONVERSION = YES;
				CLANG_WARN_COMMA = YES;
				CLANG_WARN_CONSTANT_CONVERSION = YES;
				CLANG_WARN_DEPRECATED_OBJC_IMPLEMENTATIONS = YES;
				CLANG_WARN_DIRECT_OBJC_ISA_USAGE = YES_ERROR;
				CLANG_WARN_DOCUMENTATION_COMMENTS = YES;
				CLANG_WARN_EMPTY_BODY = YES;
				CLANG_WARN_ENUM_CONVERSION = YES;
				CLANG_WARN_INFINITE_RECURSION = YES;
				CLANG_WARN_INT_CONVERSION = YES;
				CLANG_WARN_NON_LITERAL_NULL_CONVERSION = YES;
				CLANG_WARN_OBJC_IMPLICIT_RETAIN_SELF = YES;
				CLANG_WARN_OBJC_LITERAL_CONVERSION = YES;
				CLANG_WARN_OBJC_ROOT_CLASS = YES_ERROR;
				CLANG_WARN_QUOTED_INCLUDE_IN_FRAMEWORK_HEADER = YES;
				CLANG_WARN_RANGE_LOOP_ANALYSIS = YES;
				CLANG_WARN_STRICT_PROTOTYPES = YES;
				CLANG_WARN_SUSPICIOUS_MOVE = YES;
				CLANG_WARN_UNGUARDED_AVAILABILITY = YES_AGGRESSIVE;
				CLANG_WARN_UNREACHABLE_CODE = YES;
				CLANG_WARN__DUPLICATE_METHOD_MATCH = YES;
				COPY_PHASE_STRIP = NO;
				DEBUG_INFORMATION_FORMAT = dwarf;
				ENABLE_STRICT_OBJC_MSGSEND = YES;
				ENABLE_TESTABILITY = YES;
				ENABLE_USER_SCRIPT_SANDBOXING = YES;
				GCC_C_LANGUAGE_STANDARD = gnu17;
				GCC_DYNAMIC_NO_PIC = NO;
				GCC_NO_COMMON_BLOCKS = YES;
				GCC_OPTIMIZATION_LEVEL = 0;
				GCC_PREPROCESSOR_DEFINITIONS = (
					"DEBUG=1",
					"$(inherited)",
				);
				GCC_WARN_64_TO_32_BIT_CONVERSION = YES;
				GCC_WARN_ABOUT_RETURN_TYPE = YES_ERROR;
				GCC_WARN_UNDECLARED_SELECTOR = YES;
				GCC_WARN_UNINITIALIZED_AUTOS = YES_AGGRESSIVE;
				GCC_WARN_UNUSED_FUNCTION = YES;
				GCC_WARN_UNUSED_VARIABLE = YES;
				LOCALIZATION_PREFERS_STRING_CATALOGS = YES;
				MACOSX_DEPLOYMENT_TARGET = 14.1;
				MTL_ENABLE_DEBUG_INFO = INCLUDE_SOURCE;
				MTL_FAST_MATH = YES;
				ONLY_ACTIVE_ARCH = YES;
				SDKROOT = macosx;
				SWIFT_ACTIVE_COMPILATION_CONDITIONS = "DEBUG $(inherited)";
				SWIFT_OPTIMIZATION_LEVEL = "-Onone";
			};
			name = Debug;
		};
		D285AA752D829DC50016CBB1 /* Release */ = {
			isa = XCBuildConfiguration;
			buildSettings = {
				ALWAYS_SEARCH_USER_PATHS = NO;
				ASSETCATALOG_COMPILER_GENERATE_SWIFT_ASSET_SYMBOL_EXTENSIONS = YES;
				CLANG_ANALYZER_NONNULL = YES;
				CLANG_ANALYZER_NUMBER_OBJECT_CONVERSION = YES_AGGRESSIVE;
				CLANG_CXX_LANGUAGE_STANDARD = "gnu++20";
				CLANG_ENABLE_MODULES = YES;
				CLANG_ENABLE_OBJC_ARC = YES;
				CLANG_ENABLE_OBJC_WEAK = YES;
				CLANG_WARN_BLOCK_CAPTURE_AUTORELEASING = YES;
				CLANG_WARN_BOOL_CONVERSION = YES;
				CLANG_WARN_COMMA = YES;
				CLANG_WARN_CONSTANT_CONVERSION = YES;
				CLANG_WARN_DEPRECATED_OBJC_IMPLEMENTATIONS = YES;
				CLANG_WARN_DIRECT_OBJC_ISA_USAGE = YES_ERROR;
				CLANG_WARN_DOCUMENTATION_COMMENTS = YES;
				CLANG_WARN_EMPTY_BODY = YES;
				CLANG_WARN_ENUM_CONVERSION = YES;
				CLANG_WARN_INFINITE_RECURSION = YES;
				CLANG_WARN_INT_CONVERSION = YES;
				CLANG_WARN_NON_LITERAL_NULL_CONVERSION = YES;
				CLANG_WARN_OBJC_IMPLICIT_RETAIN_SELF = YES;
				CLANG_WARN_OBJC_LITERAL_CONVERSION = YES;
				CLANG_WARN_OBJC_ROOT_CLASS = YES_ERROR;
				CLANG_WARN_QUOTED_INCLUDE_IN_FRAMEWORK_HEADER = YES;
				CLANG_WARN_RANGE_LOOP_ANALYSIS = YES;
				CLANG_WARN_STRICT_PROTOTYPES = YES;
				CLANG_WARN_SUSPICIOUS_MOVE = YES;
				CLANG_WARN_UNGUARDED_AVAILABILITY = YES_AGGRESSIVE;
				CLANG_WARN_UNREACHABLE_CODE = YES;
				CLANG_WARN__DUPLICATE_METHOD_MATCH = YES;
				COPY_PHASE_STRIP = NO;
				DEBUG_INFORMATION_FORMAT = "dwarf-with-dsym";
				ENABLE_NS_ASSERTIONS = NO;
				ENABLE_STRICT_OBJC_MSGSEND = YES;
				ENABLE_USER_SCRIPT_SANDBOXING = YES;
				GCC_C_LANGUAGE_STANDARD = gnu17;
				GCC_NO_COMMON_BLOCKS = YES;
				GCC_WARN_64_TO_32_BIT_CONVERSION = YES;
				GCC_WARN_ABOUT_RETURN_TYPE = YES_ERROR;
				GCC_WARN_UNDECLARED_SELECTOR = YES;
				GCC_WARN_UNINITIALIZED_AUTOS = YES_AGGRESSIVE;
				GCC_WARN_UNUSED_FUNCTION = YES;
				GCC_WARN_UNUSED_VARIABLE = YES;
				LOCALIZATION_PREFERS_STRING_CATALOGS = YES;
				MACOSX_DEPLOYMENT_TARGET = 14.1;
				MTL_ENABLE_DEBUG_INFO = NO;
				MTL_FAST_MATH = YES;
				SDKROOT = macosx;
				SWIFT_COMPILATION_MODE = wholemodule;
			};
			name = Release;
		};
		D285AA772D829DC50016CBB1 /* Debug */ = {
			isa = XCBuildConfiguration;
			buildSettings = {
				ASSETCATALOG_COMPILER_APPICON_NAME = AppIcon;
				ASSETCATALOG_COMPILER_GLOBAL_ACCENT_COLOR_NAME = AccentColor;
				CODE_SIGN_ENTITLEMENTS = capstone21/capstone21.entitlements;
				CODE_SIGN_STYLE = Automatic;
				COMBINE_HIDPI_IMAGES = YES;
				CURRENT_PROJECT_VERSION = 1;
				DEVELOPMENT_ASSET_PATHS = "\"capstone21/Preview Content\"";
				ENABLE_PREVIEWS = YES;
				GENERATE_INFOPLIST_FILE = YES;
				INFOPLIST_KEY_NSHumanReadableCopyright = "";
				LD_RUNPATH_SEARCH_PATHS = (
					"$(inherited)",
					"@executable_path/../Frameworks",
				);
				MARKETING_VERSION = 1.0;
				PRODUCT_BUNDLE_IDENTIFIER = com.hellohidi.capstone21;
				PRODUCT_NAME = "$(TARGET_NAME)";
				SWIFT_EMIT_LOC_STRINGS = YES;
				SWIFT_VERSION = 5.0;
			};
			name = Debug;
		};
		D285AA782D829DC50016CBB1 /* Release */ = {
			isa = XCBuildConfiguration;
			buildSettings = {
				ASSETCATALOG_COMPILER_APPICON_NAME = AppIcon;
				ASSETCATALOG_COMPILER_GLOBAL_ACCENT_COLOR_NAME = AccentColor;
				CODE_SIGN_ENTITLEMENTS = capstone21/capstone21.entitlements;
				CODE_SIGN_STYLE = Automatic;
				COMBINE_HIDPI_IMAGES = YES;
				CURRENT_PROJECT_VERSION = 1;
				DEVELOPMENT_ASSET_PATHS = "\"capstone21/Preview Content\"";
				ENABLE_PREVIEWS = YES;
				GENERATE_INFOPLIST_FILE = YES;
				INFOPLIST_KEY_NSHumanReadableCopyright = "";
				LD_RUNPATH_SEARCH_PATHS = (
					"$(inherited)",
					"@executable_path/../Frameworks",
				);
				MARKETING_VERSION = 1.0;
				PRODUCT_BUNDLE_IDENTIFIER = com.hellohidi.capstone21;
				PRODUCT_NAME = "$(TARGET_NAME)";
				SWIFT_EMIT_LOC_STRINGS = YES;
				SWIFT_VERSION = 5.0;
			};
			name = Release;
		};
/* End XCBuildConfiguration section */

/* Begin XCConfigurationList section */
		D285AA622D829DC30016CBB1 /* Build configuration list for PBXProject "capstone21" */ = {
			isa = XCConfigurationList;
			buildConfigurations = (
				D285AA742D829DC50016CBB1 /* Debug */,
				D285AA752D829DC50016CBB1 /* Release */,
			);
			defaultConfigurationIsVisible = 0;
			defaultConfigurationName = Release;
		};
		D285AA762D829DC50016CBB1 /* Build configuration list for PBXNativeTarget "capstone21" */ = {
			isa = XCConfigurationList;
			buildConfigurations = (
				D285AA772D829DC50016CBB1 /* Debug */,
				D285AA782D829DC50016CBB1 /* Release */,
			);
			defaultConfigurationIsVisible = 0;
			defaultConfigurationName = Release;
		};
/* End XCConfigurationList section */

/* Begin XCRemoteSwiftPackageReference section */
		D285AAE22D829FFA0016CBB1 /* XCRemoteSwiftPackageReference "Moya" */ = {
			isa = XCRemoteSwiftPackageReference;
			repositoryURL = "https://github.com/Moya/Moya";
			requirement = {
				kind = upToNextMajorVersion;
				minimumVersion = 15.0.3;
			};
		};
/* End XCRemoteSwiftPackageReference section */

/* Begin XCSwiftPackageProductDependency section */
		D285AAE32D829FFA0016CBB1 /* CombineMoya */ = {
			isa = XCSwiftPackageProductDependency;
			package = D285AAE22D829FFA0016CBB1 /* XCRemoteSwiftPackageReference "Moya" */;
			productName = CombineMoya;
		};
		D285AAE52D829FFA0016CBB1 /* Moya */ = {
			isa = XCSwiftPackageProductDependency;
			package = D285AAE22D829FFA0016CBB1 /* XCRemoteSwiftPackageReference "Moya" */;
			productName = Moya;
		};
/* End XCSwiftPackageProductDependency section */
	};
	rootObject = D285AA5F2D829DC30016CBB1 /* Project object */;
}
